
Microsoft Visual Studio Solution File, Format Version 12.00
# Visual Studio 2017
Project("{FAE04EC0-301F-11D3-BF4B-00C04F79EFBC}") = "Risk.Plugins", "Risk.Plugins.csproj", "{482D16B2-32A4-4329-535F-818FB1C86498}"
EndProject
Project("{FAE04EC0-301F-11D3-BF4B-00C04F79EFBC}") = "Risk", "Risk.csproj", "{114D1A10-B6F5-3D97-492C-37E37711A96F}"
EndProject
Project("{FAE04EC0-301F-11D3-BF4B-00C04F79EFBC}") = "Risk.Editor", "Risk.Editor.csproj", "{F2D8F4E8-269D-4219-E5A0-A425A04E2BA7}"
EndProject
Global
	GlobalSection(SolutionConfigurationPlatforms) = preSolution
		Debug|Any CPU = Debug|Any CPU
		Release|Any CPU = Release|Any CPU
	EndGlobalSection
	GlobalSection(ProjectConfigurationPlatforms) = postSolution
		{482D16B2-32A4-4329-535F-818FB1C86498}.Debug|Any CPU.ActiveCfg = Debug|Any CPU
		{482D16B2-32A4-4329-535F-818FB1C86498}.Debug|Any CPU.Build.0 = Debug|Any CPU
		{482D16B2-32A4-4329-535F-818FB1C86498}.Release|Any CPU.ActiveCfg = Release|Any CPU
		{482D16B2-32A4-4329-535F-818FB1C86498}.Release|Any CPU.Build.0 = Release|Any CPU
		{114D1A10-B6F5-3D97-492C-37E37711A96F}.Debug|Any CPU.ActiveCfg = Debug|Any CPU
		{114D1A10-B6F5-3D97-492C-37E37711A96F}.Debug|Any CPU.Build.0 = Debug|Any CPU
		{114D1A10-B6F5-3D97-492C-37E37711A96F}.Release|Any CPU.ActiveCfg = Release|Any CPU
		{114D1A10-B6F5-3D97-492C-37E37711A96F}.Release|Any CPU.Build.0 = Release|Any CPU
		{F2D8F4E8-269D-4219-E5A0-A425A04E2BA7}.Debug|Any CPU.ActiveCfg = Debug|Any CPU
		{F2D8F4E8-269D-4219-E5A0-A425A04E2BA7}.Debug|Any CPU.Build.0 = Debug|Any CPU
		{F2D8F4E8-269D-4219-E5A0-A425A04E2BA7}.Release|Any CPU.ActiveCfg = Release|Any CPU
		{F2D8F4E8-269D-4219-E5A0-A425A04E2BA7}.Release|Any CPU.Build.0 = Release|Any CPU
	EndGlobalSection
	GlobalSection(SolutionProperties) = preSolution
		HideSolutionNode = FALSE
	EndGlobalSection
EndGlobal
