Microsoft Visual Studio Solution File, Format Version 11.00
# Visual Studio 2008

Project("{59CA88F7-B0E8-0CDD-9AF3-30AF600A9FF6}") = "Risk", "Assembly-CSharp-firstpass.csproj", "{B6C155F1-1DCE-CBA5-1715-352391A12243}"
EndProject
Project("{59CA88F7-B0E8-0CDD-9AF3-30AF600A9FF6}") = "Risk", "Assembly-CSharp.csproj", "{9430054D-AF62-28F8-F8CC-74E90DF8C4E2}"
EndProject
Project("{59CA88F7-B0E8-0CDD-9AF3-30AF600A9FF6}") = "Risk", "Assembly-CSharp-Editor.csproj", "{901F3114-4E33-AA01-87C1-A06A38EEDA0D}"
EndProject
Global
	GlobalSection(SolutionConfigurationPlatforms) = preSolution
		Debug|Any CPU = Debug|Any CPU
		Release|Any CPU = Release|Any CPU
	EndGlobalSection
	GlobalSection(ProjectConfigurationPlatforms) = postSolution
		{B6C155F1-1DCE-CBA5-1715-352391A12243}.Debug|Any CPU.ActiveCfg = Debug|Any CPU
		{B6C155F1-1DCE-CBA5-1715-352391A12243}.Debug|Any CPU.Build.0 = Debug|Any CPU
		{B6C155F1-1DCE-CBA5-1715-352391A12243}.Release|Any CPU.ActiveCfg = Release|Any CPU
		{B6C155F1-1DCE-CBA5-1715-352391A12243}.Release|Any CPU.Build.0 = Release|Any CPU
		{9430054D-AF62-28F8-F8CC-74E90DF8C4E2}.Debug|Any CPU.ActiveCfg = Debug|Any CPU
		{9430054D-AF62-28F8-F8CC-74E90DF8C4E2}.Debug|Any CPU.Build.0 = Debug|Any CPU
		{9430054D-AF62-28F8-F8CC-74E90DF8C4E2}.Release|Any CPU.ActiveCfg = Release|Any CPU
		{9430054D-AF62-28F8-F8CC-74E90DF8C4E2}.Release|Any CPU.Build.0 = Release|Any CPU
		{901F3114-4E33-AA01-87C1-A06A38EEDA0D}.Debug|Any CPU.ActiveCfg = Debug|Any CPU
		{901F3114-4E33-AA01-87C1-A06A38EEDA0D}.Debug|Any CPU.Build.0 = Debug|Any CPU
		{901F3114-4E33-AA01-87C1-A06A38EEDA0D}.Release|Any CPU.ActiveCfg = Release|Any CPU
		{901F3114-4E33-AA01-87C1-A06A38EEDA0D}.Release|Any CPU.Build.0 = Release|Any CPU
	EndGlobalSection
	GlobalSection(SolutionProperties) = preSolution
		HideSolutionNode = FALSE
	EndGlobalSection
	GlobalSection(MonoDevelopProperties) = preSolution
		StartupItem = Assembly-CSharp.csproj
	EndGlobalSection
EndGlobal
